
Microsoft Visual Studio Solution File, Format Version 12.00
# Visual Studio Version 17
VisualStudioVersion = 17.9.34728.123
MinimumVisualStudioVersion = 10.0.40219.1
Project("{FAE04EC0-301F-11D3-BF4B-00C04F79EFBC}") = "jogo-sortear", "jogo-sortear\jogo-sortear.csproj", "{67682295-31A9-4E89-9B3A-F08DDDB29250}"
EndProject
Global
	GlobalSection(SolutionConfigurationPlatforms) = preSolution
		Debug|Any CPU = Debug|Any CPU
		Release|Any CPU = Release|Any CPU
	EndGlobalSection
	GlobalSection(ProjectConfigurationPlatforms) = postSolution
		{67682295-31A9-4E89-9B3A-F08DDDB29250}.Debug|Any CPU.ActiveCfg = Debug|Any CPU
		{67682295-31A9-4E89-9B3A-F08DDDB29250}.Debug|Any CPU.Build.0 = Debug|Any CPU
		{67682295-31A9-4E89-9B3A-F08DDDB29250}.Release|Any CPU.ActiveCfg = Release|Any CPU
		{67682295-31A9-4E89-9B3A-F08DDDB29250}.Release|Any CPU.Build.0 = Release|Any CPU
	EndGlobalSection
	GlobalSection(SolutionProperties) = preSolution
		HideSolutionNode = FALSE
	EndGlobalSection
	GlobalSection(ExtensibilityGlobals) = postSolution
		SolutionGuid = {42440CE5-361C-4F20-B22B-34C829B995BA}
	EndGlobalSection
EndGlobal
